
Microsoft Visual Studio Solution File, Format Version 11.00
# Visual Studio 2010
Project("{FAE04EC0-301F-11D3-BF4B-00C04F79EFBC}") = "MoveIT_Tutorials_JsTree_Ajax_Mvc", "MoveIT_Tutorials_JsTree_Ajax_Mvc\MoveIT_Tutorials_JsTree_Ajax_Mvc.csproj", "{009DEEFC-C61D-4DB4-8CFB-6B65163BADBC}"
EndProject
Global
	GlobalSection(SolutionConfigurationPlatforms) = preSolution
		Debug|Any CPU = Debug|Any CPU
		Release|Any CPU = Release|Any CPU
	EndGlobalSection
	GlobalSection(ProjectConfigurationPlatforms) = postSolution
		{009DEEFC-C61D-4DB4-8CFB-6B65163BADBC}.Debug|Any CPU.ActiveCfg = Debug|Any CPU
		{009DEEFC-C61D-4DB4-8CFB-6B65163BADBC}.Debug|Any CPU.Build.0 = Debug|Any CPU
		{009DEEFC-C61D-4DB4-8CFB-6B65163BADBC}.Release|Any CPU.ActiveCfg = Release|Any CPU
		{009DEEFC-C61D-4DB4-8CFB-6B65163BADBC}.Release|Any CPU.Build.0 = Release|Any CPU
	EndGlobalSection
	GlobalSection(SolutionProperties) = preSolution
		HideSolutionNode = FALSE
	EndGlobalSection
EndGlobal
